
Microsoft Visual Studio Solution File, Format Version 12.00
# Visual Studio Version 16
VisualStudioVersion = 16.0.30717.126
MinimumVisualStudioVersion = 10.0.40219.1
Project("{888888A0-9F3D-457C-B088-3A5042F75D52}") = "CapitalistPropaganda", "CapitalistPropaganda\CapitalistPropaganda.pyproj", "{FBF0B86B-97C4-482C-8695-C946628AEF0C}"
EndProject
Global
	GlobalSection(SolutionConfigurationPlatforms) = preSolution
		Debug|Any CPU = Debug|Any CPU
		Release|Any CPU = Release|Any CPU
	EndGlobalSection
	GlobalSection(ProjectConfigurationPlatforms) = postSolution
		{FBF0B86B-97C4-482C-8695-C946628AEF0C}.Debug|Any CPU.ActiveCfg = Debug|Any CPU
		{FBF0B86B-97C4-482C-8695-C946628AEF0C}.Release|Any CPU.ActiveCfg = Release|Any CPU
	EndGlobalSection
	GlobalSection(SolutionProperties) = preSolution
		HideSolutionNode = FALSE
	EndGlobalSection
	GlobalSection(ExtensibilityGlobals) = postSolution
		SolutionGuid = {0DC585CC-5750-4837-A6AD-AE3ADBCFD077}
	EndGlobalSection
EndGlobal
